
Microsoft Visual Studio Solution File, Format Version 12.00
# Visual Studio 14
VisualStudioVersion = 14.0.25420.1
MinimumVisualStudioVersion = 10.0.40219.1
Project("{FAE04EC0-301F-11D3-BF4B-00C04F79EFBC}") = "bn", "bn\bn.csproj", "{AA629BAD-9DF7-4CE6-9E3E-F87BAFF04589}"
EndProject
Global
	GlobalSection(SolutionConfigurationPlatforms) = preSolution
		Debug|Any CPU = Debug|Any CPU
		Release|Any CPU = Release|Any CPU
	EndGlobalSection
	GlobalSection(ProjectConfigurationPlatforms) = postSolution
		{AA629BAD-9DF7-4CE6-9E3E-F87BAFF04589}.Debug|Any CPU.ActiveCfg = Debug|Any CPU
		{AA629BAD-9DF7-4CE6-9E3E-F87BAFF04589}.Debug|Any CPU.Build.0 = Debug|Any CPU
		{AA629BAD-9DF7-4CE6-9E3E-F87BAFF04589}.Release|Any CPU.ActiveCfg = Release|Any CPU
		{AA629BAD-9DF7-4CE6-9E3E-F87BAFF04589}.Release|Any CPU.Build.0 = Release|Any CPU
	EndGlobalSection
	GlobalSection(SolutionProperties) = preSolution
		HideSolutionNode = FALSE
	EndGlobalSection
EndGlobal
